// !$*UTF8*$!
{
	archiveVersion = 1;
	classes = {
	};
	objectVersion = 56;
	objects = {

/* Begin PBXBuildFile section */
		2739D9CD29C85D5500184C1E /* TradeByBataAppApp.swift in Sources */ = {isa = PBXBuildFile; fileRef = 2739D9CC29C85D5500184C1E /* TradeByBataAppApp.swift */; };
		2739D9CF29C85D5500184C1E /* ContentView.swift in Sources */ = {isa = PBXBuildFile; fileRef = 2739D9CE29C85D5500184C1E /* ContentView.swift */; };
		2739D9D129C85D5600184C1E /* Assets.xcassets in Resources */ = {isa = PBXBuildFile; fileRef = 2739D9D029C85D5600184C1E /* Assets.xcassets */; };
		2739D9D429C85D5600184C1E /* Preview Assets.xcassets in Resources */ = {isa = PBXBuildFile; fileRef = 2739D9D329C85D5600184C1E /* Preview Assets.xcassets */; };
		2739D9F329C85E1300184C1E /* Montserrat-VariableFont_wght.ttf in Resources */ = {isa = PBXBuildFile; fileRef = 2739D9DC29C85E1300184C1E /* Montserrat-VariableFont_wght.ttf */; };
		2739D9F429C85E1300184C1E /* Montserrat-Italic-VariableFont_wght.ttf in Resources */ = {isa = PBXBuildFile; fileRef = 2739D9DD29C85E1300184C1E /* Montserrat-Italic-VariableFont_wght.ttf */; };
		2739D9F529C85E1300184C1E /* Montserrat-LightItalic.ttf in Resources */ = {isa = PBXBuildFile; fileRef = 2739D9DF29C85E1300184C1E /* Montserrat-LightItalic.ttf */; };
		2739D9F629C85E1300184C1E /* Montserrat-Medium.ttf in Resources */ = {isa = PBXBuildFile; fileRef = 2739D9E029C85E1300184C1E /* Montserrat-Medium.ttf */; };
		2739D9F729C85E1300184C1E /* Montserrat-BoldItalic.ttf in Resources */ = {isa = PBXBuildFile; fileRef = 2739D9E129C85E1300184C1E /* Montserrat-BoldItalic.ttf */; };
		2739D9F829C85E1300184C1E /* Montserrat-Light.ttf in Resources */ = {isa = PBXBuildFile; fileRef = 2739D9E229C85E1300184C1E /* Montserrat-Light.ttf */; };
		2739D9F929C85E1300184C1E /* Montserrat-ThinItalic.ttf in Resources */ = {isa = PBXBuildFile; fileRef = 2739D9E329C85E1300184C1E /* Montserrat-ThinItalic.ttf */; };
		2739D9FA29C85E1300184C1E /* Montserrat-ExtraLight.ttf in Resources */ = {isa = PBXBuildFile; fileRef = 2739D9E429C85E1300184C1E /* Montserrat-ExtraLight.ttf */; };
		2739D9FB29C85E1300184C1E /* Montserrat-Thin.ttf in Resources */ = {isa = PBXBuildFile; fileRef = 2739D9E529C85E1300184C1E /* Montserrat-Thin.ttf */; };
		2739D9FC29C85E1300184C1E /* Montserrat-Bold.ttf in Resources */ = {isa = PBXBuildFile; fileRef = 2739D9E629C85E1300184C1E /* Montserrat-Bold.ttf */; };
		2739D9FD29C85E1300184C1E /* Montserrat-MediumItalic.ttf in Resources */ = {isa = PBXBuildFile; fileRef = 2739D9E729C85E1300184C1E /* Montserrat-MediumItalic.ttf */; };
		2739D9FE29C85E1300184C1E /* Montserrat-BlackItalic.ttf in Resources */ = {isa = PBXBuildFile; fileRef = 2739D9E829C85E1300184C1E /* Montserrat-BlackItalic.ttf */; };
		2739D9FF29C85E1300184C1E /* Montserrat-SemiBold.ttf in Resources */ = {isa = PBXBuildFile; fileRef = 2739D9E929C85E1300184C1E /* Montserrat-SemiBold.ttf */; };
		2739DA0029C85E1300184C1E /* Montserrat-ExtraLightItalic.ttf in Resources */ = {isa = PBXBuildFile; fileRef = 2739D9EA29C85E1300184C1E /* Montserrat-ExtraLightItalic.ttf */; };
		2739DA0129C85E1300184C1E /* Montserrat-ExtraBold.ttf in Resources */ = {isa = PBXBuildFile; fileRef = 2739D9EB29C85E1300184C1E /* Montserrat-ExtraBold.ttf */; };
		2739DA0229C85E1300184C1E /* Montserrat-Black.ttf in Resources */ = {isa = PBXBuildFile; fileRef = 2739D9EC29C85E1300184C1E /* Montserrat-Black.ttf */; };
		2739DA0329C85E1300184C1E /* Montserrat-Regular.ttf in Resources */ = {isa = PBXBuildFile; fileRef = 2739D9ED29C85E1300184C1E /* Montserrat-Regular.ttf */; };
		2739DA0429C85E1300184C1E /* Montserrat-Italic.ttf in Resources */ = {isa = PBXBuildFile; fileRef = 2739D9EE29C85E1300184C1E /* Montserrat-Italic.ttf */; };
		2739DA0529C85E1300184C1E /* Montserrat-SemiBoldItalic.ttf in Resources */ = {isa = PBXBuildFile; fileRef = 2739D9EF29C85E1300184C1E /* Montserrat-SemiBoldItalic.ttf */; };
		2739DA0629C85E1300184C1E /* Montserrat-ExtraBoldItalic.ttf in Resources */ = {isa = PBXBuildFile; fileRef = 2739D9F029C85E1300184C1E /* Montserrat-ExtraBoldItalic.ttf */; };
		2739DA0C29C8625300184C1E /* User.swift in Sources */ = {isa = PBXBuildFile; fileRef = 2739DA0B29C8625300184C1E /* User.swift */; };
		2739DA1229C863BE00184C1E /* NetworkManager.swift in Sources */ = {isa = PBXBuildFile; fileRef = 2739DA1129C863BE00184C1E /* NetworkManager.swift */; };
		2739DA1729C863E700184C1E /* ProfileView.swift in Sources */ = {isa = PBXBuildFile; fileRef = 2739DA1429C863E700184C1E /* ProfileView.swift */; };
		2739DA1829C863E700184C1E /* ProfilePhoto.swift in Sources */ = {isa = PBXBuildFile; fileRef = 2739DA1529C863E700184C1E /* ProfilePhoto.swift */; };
		2739DA1929C863E700184C1E /* ProfileViewModel.swift in Sources */ = {isa = PBXBuildFile; fileRef = 2739DA1629C863E700184C1E /* ProfileViewModel.swift */; };
		2739DA1B29C8642700184C1E /* Fonts.swift in Sources */ = {isa = PBXBuildFile; fileRef = 2739DA1A29C8642700184C1E /* Fonts.swift */; };
		2739DA1D29C8644800184C1E /* GrayTextField.swift in Sources */ = {isa = PBXBuildFile; fileRef = 2739DA1C29C8644800184C1E /* GrayTextField.swift */; };
		2739DA1F29C8646800184C1E /* LoginView.swift in Sources */ = {isa = PBXBuildFile; fileRef = 2739DA1E29C8646800184C1E /* LoginView.swift */; };
		2739DA2129C8647000184C1E /* SignInView.swift in Sources */ = {isa = PBXBuildFile; fileRef = 2739DA2029C8647000184C1E /* SignInView.swift */; };
		2739DA2329C8648E00184C1E /* TabBarView.swift in Sources */ = {isa = PBXBuildFile; fileRef = 2739DA2229C8648E00184C1E /* TabBarView.swift */; };
/* End PBXBuildFile section */

/* Begin PBXFileReference section */
		2739D9C929C85D5500184C1E /* TradeByBataApp.app */ = {isa = PBXFileReference; explicitFileType = wrapper.application; includeInIndex = 0; path = TradeByBataApp.app; sourceTree = BUILT_PRODUCTS_DIR; };
		2739D9CC29C85D5500184C1E /* TradeByBataAppApp.swift */ = {isa = PBXFileReference; lastKnownFileType = sourcecode.swift; path = TradeByBataAppApp.swift; sourceTree = "<group>"; };
		2739D9CE29C85D5500184C1E /* ContentView.swift */ = {isa = PBXFileReference; lastKnownFileType = sourcecode.swift; path = ContentView.swift; sourceTree = "<group>"; };
		2739D9D029C85D5600184C1E /* Assets.xcassets */ = {isa = PBXFileReference; lastKnownFileType = folder.assetcatalog; path = Assets.xcassets; sourceTree = "<group>"; };
		2739D9D329C85D5600184C1E /* Preview Assets.xcassets */ = {isa = PBXFileReference; lastKnownFileType = folder.assetcatalog; path = "Preview Assets.xcassets"; sourceTree = "<group>"; };
		2739D9DC29C85E1300184C1E /* Montserrat-VariableFont_wght.ttf */ = {isa = PBXFileReference; lastKnownFileType = file; path = "Montserrat-VariableFont_wght.ttf"; sourceTree = "<group>"; };
		2739D9DD29C85E1300184C1E /* Montserrat-Italic-VariableFont_wght.ttf */ = {isa = PBXFileReference; lastKnownFileType = file; path = "Montserrat-Italic-VariableFont_wght.ttf"; sourceTree = "<group>"; };
		2739D9DF29C85E1300184C1E /* Montserrat-LightItalic.ttf */ = {isa = PBXFileReference; lastKnownFileType = file; path = "Montserrat-LightItalic.ttf"; sourceTree = "<group>"; };
		2739D9E029C85E1300184C1E /* Montserrat-Medium.ttf */ = {isa = PBXFileReference; lastKnownFileType = file; path = "Montserrat-Medium.ttf"; sourceTree = "<group>"; };
		2739D9E129C85E1300184C1E /* Montserrat-BoldItalic.ttf */ = {isa = PBXFileReference; lastKnownFileType = file; path = "Montserrat-BoldItalic.ttf"; sourceTree = "<group>"; };
		2739D9E229C85E1300184C1E /* Montserrat-Light.ttf */ = {isa = PBXFileReference; lastKnownFileType = file; path = "Montserrat-Light.ttf"; sourceTree = "<group>"; };
		2739D9E329C85E1300184C1E /* Montserrat-ThinItalic.ttf */ = {isa = PBXFileReference; lastKnownFileType = file; path = "Montserrat-ThinItalic.ttf"; sourceTree = "<group>"; };
		2739D9E429C85E1300184C1E /* Montserrat-ExtraLight.ttf */ = {isa = PBXFileReference; lastKnownFileType = file; path = "Montserrat-ExtraLight.ttf"; sourceTree = "<group>"; };
		2739D9E529C85E1300184C1E /* Montserrat-Thin.ttf */ = {isa = PBXFileReference; lastKnownFileType = file; path = "Montserrat-Thin.ttf"; sourceTree = "<group>"; };
		2739D9E629C85E1300184C1E /* Montserrat-Bold.ttf */ = {isa = PBXFileReference; lastKnownFileType = file; path = "Montserrat-Bold.ttf"; sourceTree = "<group>"; };
		2739D9E729C85E1300184C1E /* Montserrat-MediumItalic.ttf */ = {isa = PBXFileReference; lastKnownFileType = file; path = "Montserrat-MediumItalic.ttf"; sourceTree = "<group>"; };
		2739D9E829C85E1300184C1E /* Montserrat-BlackItalic.ttf */ = {isa = PBXFileReference; lastKnownFileType = file; path = "Montserrat-BlackItalic.ttf"; sourceTree = "<group>"; };
		2739D9E929C85E1300184C1E /* Montserrat-SemiBold.ttf */ = {isa = PBXFileReference; lastKnownFileType = file; path = "Montserrat-SemiBold.ttf"; sourceTree = "<group>"; };
		2739D9EA29C85E1300184C1E /* Montserrat-ExtraLightItalic.ttf */ = {isa = PBXFileReference; lastKnownFileType = file; path = "Montserrat-ExtraLightItalic.ttf"; sourceTree = "<group>"; };
		2739D9EB29C85E1300184C1E /* Montserrat-ExtraBold.ttf */ = {isa = PBXFileReference; lastKnownFileType = file; path = "Montserrat-ExtraBold.ttf"; sourceTree = "<group>"; };
		2739D9EC29C85E1300184C1E /* Montserrat-Black.ttf */ = {isa = PBXFileReference; lastKnownFileType = file; path = "Montserrat-Black.ttf"; sourceTree = "<group>"; };
		2739D9ED29C85E1300184C1E /* Montserrat-Regular.ttf */ = {isa = PBXFileReference; lastKnownFileType = file; path = "Montserrat-Regular.ttf"; sourceTree = "<group>"; };
		2739D9EE29C85E1300184C1E /* Montserrat-Italic.ttf */ = {isa = PBXFileReference; lastKnownFileType = file; path = "Montserrat-Italic.ttf"; sourceTree = "<group>"; };
		2739D9EF29C85E1300184C1E /* Montserrat-SemiBoldItalic.ttf */ = {isa = PBXFileReference; lastKnownFileType = file; path = "Montserrat-SemiBoldItalic.ttf"; sourceTree = "<group>"; };
		2739D9F029C85E1300184C1E /* Montserrat-ExtraBoldItalic.ttf */ = {isa = PBXFileReference; lastKnownFileType = file; path = "Montserrat-ExtraBoldItalic.ttf"; sourceTree = "<group>"; };
		2739DA0929C8616200184C1E /* Info.plist */ = {isa = PBXFileReference; lastKnownFileType = text.plist; path = Info.plist; sourceTree = "<group>"; };
		2739DA0B29C8625300184C1E /* User.swift */ = {isa = PBXFileReference; fileEncoding = 4; lastKnownFileType = sourcecode.swift; path = User.swift; sourceTree = "<group>"; };
		2739DA1129C863BE00184C1E /* NetworkManager.swift */ = {isa = PBXFileReference; fileEncoding = 4; lastKnownFileType = sourcecode.swift; path = NetworkManager.swift; sourceTree = "<group>"; };
		2739DA1429C863E700184C1E /* ProfileView.swift */ = {isa = PBXFileReference; fileEncoding = 4; lastKnownFileType = sourcecode.swift; path = ProfileView.swift; sourceTree = "<group>"; };
		2739DA1529C863E700184C1E /* ProfilePhoto.swift */ = {isa = PBXFileReference; fileEncoding = 4; lastKnownFileType = sourcecode.swift; path = ProfilePhoto.swift; sourceTree = "<group>"; };
		2739DA1629C863E700184C1E /* ProfileViewModel.swift */ = {isa = PBXFileReference; fileEncoding = 4; lastKnownFileType = sourcecode.swift; path = ProfileViewModel.swift; sourceTree = "<group>"; };
		2739DA1A29C8642700184C1E /* Fonts.swift */ = {isa = PBXFileReference; fileEncoding = 4; lastKnownFileType = sourcecode.swift; path = Fonts.swift; sourceTree = "<group>"; };
		2739DA1C29C8644800184C1E /* GrayTextField.swift */ = {isa = PBXFileReference; fileEncoding = 4; lastKnownFileType = sourcecode.swift; path = GrayTextField.swift; sourceTree = "<group>"; };
		2739DA1E29C8646800184C1E /* LoginView.swift */ = {isa = PBXFileReference; fileEncoding = 4; lastKnownFileType = sourcecode.swift; path = LoginView.swift; sourceTree = "<group>"; };
		2739DA2029C8647000184C1E /* SignInView.swift */ = {isa = PBXFileReference; fileEncoding = 4; lastKnownFileType = sourcecode.swift; path = SignInView.swift; sourceTree = "<group>"; };
		2739DA2229C8648E00184C1E /* TabBarView.swift */ = {isa = PBXFileReference; fileEncoding = 4; lastKnownFileType = sourcecode.swift; path = TabBarView.swift; sourceTree = "<group>"; };
/* End PBXFileReference section */

/* Begin PBXFrameworksBuildPhase section */
		2739D9C629C85D5500184C1E /* Frameworks */ = {
			isa = PBXFrameworksBuildPhase;
			buildActionMask = 2147483647;
			files = (
			);
			runOnlyForDeploymentPostprocessing = 0;
		};
/* End PBXFrameworksBuildPhase section */

/* Begin PBXGroup section */
		2739D9C029C85D5500184C1E = {
			isa = PBXGroup;
			children = (
				2739D9CB29C85D5500184C1E /* TradeByBataApp */,
				2739D9CA29C85D5500184C1E /* Products */,
			);
			sourceTree = "<group>";
		};
		2739D9CA29C85D5500184C1E /* Products */ = {
			isa = PBXGroup;
			children = (
				2739D9C929C85D5500184C1E /* TradeByBataApp.app */,
			);
			name = Products;
			sourceTree = "<group>";
		};
		2739D9CB29C85D5500184C1E /* TradeByBataApp */ = {
			isa = PBXGroup;
			children = (
				2739DA0A29C8625300184C1E /* Model */,
				2739DA0929C8616200184C1E /* Info.plist */,
				2739DA1029C863BE00184C1E /* Services */,
				2739D9DA29C85E1300184C1E /* Fonts */,
				2739DA1329C863E700184C1E /* Profile */,
				2739D9CE29C85D5500184C1E /* ContentView.swift */,
				2739DA2029C8647000184C1E /* SignInView.swift */,
				2739D9CC29C85D5500184C1E /* TradeByBataAppApp.swift */,
				2739DA2229C8648E00184C1E /* TabBarView.swift */,
				2739DA1E29C8646800184C1E /* LoginView.swift */,
				2739DA1C29C8644800184C1E /* GrayTextField.swift */,
				2739DA1A29C8642700184C1E /* Fonts.swift */,
				2739D9D029C85D5600184C1E /* Assets.xcassets */,
				2739D9D229C85D5600184C1E /* Preview Content */,
			);
			path = TradeByBataApp;
			sourceTree = "<group>";
		};
		2739D9D229C85D5600184C1E /* Preview Content */ = {
			isa = PBXGroup;
			children = (
				2739D9D329C85D5600184C1E /* Preview Assets.xcassets */,
			);
			path = "Preview Content";
			sourceTree = "<group>";
		};
		2739D9DA29C85E1300184C1E /* Fonts */ = {
			isa = PBXGroup;
			children = (
				2739D9DB29C85E1300184C1E /* Montserrat */,
			);
			path = Fonts;
			sourceTree = "<group>";
		};
		2739D9DB29C85E1300184C1E /* Montserrat */ = {
			isa = PBXGroup;
			children = (
				2739D9DC29C85E1300184C1E /* Montserrat-VariableFont_wght.ttf */,
				2739D9DD29C85E1300184C1E /* Montserrat-Italic-VariableFont_wght.ttf */,
				2739D9DF29C85E1300184C1E /* Montserrat-LightItalic.ttf */,
				2739D9E029C85E1300184C1E /* Montserrat-Medium.ttf */,
				2739D9E129C85E1300184C1E /* Montserrat-BoldItalic.ttf */,
				2739D9E229C85E1300184C1E /* Montserrat-Light.ttf */,
				2739D9E329C85E1300184C1E /* Montserrat-ThinItalic.ttf */,
				2739D9E429C85E1300184C1E /* Montserrat-ExtraLight.ttf */,
				2739D9E529C85E1300184C1E /* Montserrat-Thin.ttf */,
				2739D9E629C85E1300184C1E /* Montserrat-Bold.ttf */,
				2739D9E729C85E1300184C1E /* Montserrat-MediumItalic.ttf */,
				2739D9E829C85E1300184C1E /* Montserrat-BlackItalic.ttf */,
				2739D9E929C85E1300184C1E /* Montserrat-SemiBold.ttf */,
				2739D9EA29C85E1300184C1E /* Montserrat-ExtraLightItalic.ttf */,
				2739D9EB29C85E1300184C1E /* Montserrat-ExtraBold.ttf */,
				2739D9EC29C85E1300184C1E /* Montserrat-Black.ttf */,
				2739D9ED29C85E1300184C1E /* Montserrat-Regular.ttf */,
				2739D9EE29C85E1300184C1E /* Montserrat-Italic.ttf */,
				2739D9EF29C85E1300184C1E /* Montserrat-SemiBoldItalic.ttf */,
				2739D9F029C85E1300184C1E /* Montserrat-ExtraBoldItalic.ttf */,
			);
			path = Montserrat;
			sourceTree = "<group>";
		};
		2739DA0A29C8625300184C1E /* Model */ = {
			isa = PBXGroup;
			children = (
				2739DA0B29C8625300184C1E /* User.swift */,
			);
			path = Model;
			sourceTree = "<group>";
		};
		2739DA1029C863BE00184C1E /* Services */ = {
			isa = PBXGroup;
			children = (
				2739DA1129C863BE00184C1E /* NetworkManager.swift */,
			);
			path = Services;
			sourceTree = "<group>";
		};
		2739DA1329C863E700184C1E /* Profile */ = {
			isa = PBXGroup;
			children = (
				2739DA1429C863E700184C1E /* ProfileView.swift */,
				2739DA1529C863E700184C1E /* ProfilePhoto.swift */,
				2739DA1629C863E700184C1E /* ProfileViewModel.swift */,
			);
			path = Profile;
			sourceTree = "<group>";
		};
/* End PBXGroup section */

/* Begin PBXNativeTarget section */
		2739D9C829C85D5500184C1E /* TradeByBataApp */ = {
			isa = PBXNativeTarget;
			buildConfigurationList = 2739D9D729C85D5600184C1E /* Build configuration list for PBXNativeTarget "TradeByBataApp" */;
			buildPhases = (
				2739D9C529C85D5500184C1E /* Sources */,
				2739D9C629C85D5500184C1E /* Frameworks */,
				2739D9C729C85D5500184C1E /* Resources */,
			);
			buildRules = (
			);
			dependencies = (
			);
			name = TradeByBataApp;
			productName = TradeByBataApp;
			productReference = 2739D9C929C85D5500184C1E /* TradeByBataApp.app */;
			productType = "com.apple.product-type.application";
		};
/* End PBXNativeTarget section */

/* Begin PBXProject section */
		2739D9C129C85D5500184C1E /* Project object */ = {
			isa = PBXProject;
			attributes = {
				BuildIndependentTargetsInParallel = 1;
				LastSwiftUpdateCheck = 1420;
				LastUpgradeCheck = 1420;
				TargetAttributes = {
					2739D9C829C85D5500184C1E = {
						CreatedOnToolsVersion = 14.2;
					};
				};
			};
			buildConfigurationList = 2739D9C429C85D5500184C1E /* Build configuration list for PBXProject "TradeByBataApp" */;
			compatibilityVersion = "Xcode 14.0";
			developmentRegion = en;
			hasScannedForEncodings = 0;
			knownRegions = (
				en,
				Base,
			);
			mainGroup = 2739D9C029C85D5500184C1E;
			productRefGroup = 2739D9CA29C85D5500184C1E /* Products */;
			projectDirPath = "";
			projectRoot = "";
			targets = (
				2739D9C829C85D5500184C1E /* TradeByBataApp */,
			);
		};
/* End PBXProject section */

/* Begin PBXResourcesBuildPhase section */
		2739D9C729C85D5500184C1E /* Resources */ = {
			isa = PBXResourcesBuildPhase;
			buildActionMask = 2147483647;
			files = (
				2739DA0529C85E1300184C1E /* Montserrat-SemiBoldItalic.ttf in Resources */,
				2739DA0129C85E1300184C1E /* Montserrat-ExtraBold.ttf in Resources */,
				2739D9F429C85E1300184C1E /* Montserrat-Italic-VariableFont_wght.ttf in Resources */,
				2739D9FE29C85E1300184C1E /* Montserrat-BlackItalic.ttf in Resources */,
				2739D9FD29C85E1300184C1E /* Montserrat-MediumItalic.ttf in Resources */,
				2739D9F729C85E1300184C1E /* Montserrat-BoldItalic.ttf in Resources */,
				2739D9D429C85D5600184C1E /* Preview Assets.xcassets in Resources */,
				2739D9F329C85E1300184C1E /* Montserrat-VariableFont_wght.ttf in Resources */,
				2739DA0329C85E1300184C1E /* Montserrat-Regular.ttf in Resources */,
				2739D9F829C85E1300184C1E /* Montserrat-Light.ttf in Resources */,
				2739D9F929C85E1300184C1E /* Montserrat-ThinItalic.ttf in Resources */,
				2739D9F529C85E1300184C1E /* Montserrat-LightItalic.ttf in Resources */,
				2739DA0029C85E1300184C1E /* Montserrat-ExtraLightItalic.ttf in Resources */,
				2739D9FF29C85E1300184C1E /* Montserrat-SemiBold.ttf in Resources */,
				2739D9FB29C85E1300184C1E /* Montserrat-Thin.ttf in Resources */,
				2739D9FC29C85E1300184C1E /* Montserrat-Bold.ttf in Resources */,
				2739DA0429C85E1300184C1E /* Montserrat-Italic.ttf in Resources */,
				2739D9F629C85E1300184C1E /* Montserrat-Medium.ttf in Resources */,
				2739D9D129C85D5600184C1E /* Assets.xcassets in Resources */,
				2739D9FA29C85E1300184C1E /* Montserrat-ExtraLight.ttf in Resources */,
				2739DA0229C85E1300184C1E /* Montserrat-Black.ttf in Resources */,
				2739DA0629C85E1300184C1E /* Montserrat-ExtraBoldItalic.ttf in Resources */,
			);
			runOnlyForDeploymentPostprocessing = 0;
		};
/* End PBXResourcesBuildPhase section */

/* Begin PBXSourcesBuildPhase section */
		2739D9C529C85D5500184C1E /* Sources */ = {
			isa = PBXSourcesBuildPhase;
			buildActionMask = 2147483647;
			files = (
				2739DA1B29C8642700184C1E /* Fonts.swift in Sources */,
				2739DA1229C863BE00184C1E /* NetworkManager.swift in Sources */,
				2739D9CF29C85D5500184C1E /* ContentView.swift in Sources */,
				2739DA1829C863E700184C1E /* ProfilePhoto.swift in Sources */,
				2739DA1729C863E700184C1E /* ProfileView.swift in Sources */,
				2739D9CD29C85D5500184C1E /* TradeByBataAppApp.swift in Sources */,
				2739DA0C29C8625300184C1E /* User.swift in Sources */,
				2739DA1D29C8644800184C1E /* GrayTextField.swift in Sources */,
				2739DA1F29C8646800184C1E /* LoginView.swift in Sources */,
				2739DA2129C8647000184C1E /* SignInView.swift in Sources */,
				2739DA2329C8648E00184C1E /* TabBarView.swift in Sources */,
				2739DA1929C863E700184C1E /* ProfileViewModel.swift in Sources */,
			);
			runOnlyForDeploymentPostprocessing = 0;
		};
/* End PBXSourcesBuildPhase section */

/* Begin XCBuildConfiguration section */
		2739D9D529C85D5600184C1E /* Debug */ = {
			isa = XCBuildConfiguration;
			buildSettings = {
				ALWAYS_SEARCH_USER_PATHS = NO;
				CLANG_ANALYZER_NONNULL = YES;
				CLANG_ANALYZER_NUMBER_OBJECT_CONVERSION = YES_AGGRESSIVE;
				CLANG_CXX_LANGUAGE_STANDARD = "gnu++20";
				CLANG_ENABLE_MODULES = YES;
				CLANG_ENABLE_OBJC_ARC = YES;
				CLANG_ENABLE_OBJC_WEAK = YES;
				CLANG_WARN_BLOCK_CAPTURE_AUTORELEASING = YES;
				CLANG_WARN_BOOL_CONVERSION = YES;
				CLANG_WARN_COMMA = YES;
				CLANG_WARN_CONSTANT_CONVERSION = YES;
				CLANG_WARN_DEPRECATED_OBJC_IMPLEMENTATIONS = YES;
				CLANG_WARN_DIRECT_OBJC_ISA_USAGE = YES_ERROR;
				CLANG_WARN_DOCUMENTATION_COMMENTS = YES;
				CLANG_WARN_EMPTY_BODY = YES;
				CLANG_WARN_ENUM_CONVERSION = YES;
				CLANG_WARN_INFINITE_RECURSION = YES;
				CLANG_WARN_INT_CONVERSION = YES;
				CLANG_WARN_NON_LITERAL_NULL_CONVERSION = YES;
				CLANG_WARN_OBJC_IMPLICIT_RETAIN_SELF = YES;
				CLANG_WARN_OBJC_LITERAL_CONVERSION = YES;
				CLANG_WARN_OBJC_ROOT_CLASS = YES_ERROR;
				CLANG_WARN_QUOTED_INCLUDE_IN_FRAMEWORK_HEADER = YES;
				CLANG_WARN_RANGE_LOOP_ANALYSIS = YES;
				CLANG_WARN_STRICT_PROTOTYPES = YES;
				CLANG_WARN_SUSPICIOUS_MOVE = YES;
				CLANG_WARN_UNGUARDED_AVAILABILITY = YES_AGGRESSIVE;
				CLANG_WARN_UNREACHABLE_CODE = YES;
				CLANG_WARN__DUPLICATE_METHOD_MATCH = YES;
				COPY_PHASE_STRIP = NO;
				DEBUG_INFORMATION_FORMAT = dwarf;
				ENABLE_STRICT_OBJC_MSGSEND = YES;
				ENABLE_TESTABILITY = YES;
				GCC_C_LANGUAGE_STANDARD = gnu11;
				GCC_DYNAMIC_NO_PIC = NO;
				GCC_NO_COMMON_BLOCKS = YES;
				GCC_OPTIMIZATION_LEVEL = 0;
				GCC_PREPROCESSOR_DEFINITIONS = (
					"DEBUG=1",
					"$(inherited)",
				);
				GCC_WARN_64_TO_32_BIT_CONVERSION = YES;
				GCC_WARN_ABOUT_RETURN_TYPE = YES_ERROR;
				GCC_WARN_UNDECLARED_SELECTOR = YES;
				GCC_WARN_UNINITIALIZED_AUTOS = YES_AGGRESSIVE;
				GCC_WARN_UNUSED_FUNCTION = YES;
				GCC_WARN_UNUSED_VARIABLE = YES;
				IPHONEOS_DEPLOYMENT_TARGET = 16.2;
				MTL_ENABLE_DEBUG_INFO = INCLUDE_SOURCE;
				MTL_FAST_MATH = YES;
				ONLY_ACTIVE_ARCH = YES;
				SDKROOT = iphoneos;
				SWIFT_ACTIVE_COMPILATION_CONDITIONS = DEBUG;
				SWIFT_OPTIMIZATION_LEVEL = "-Onone";
			};
			name = Debug;
		};
		2739D9D629C85D5600184C1E /* Release */ = {
			isa = XCBuildConfiguration;
			buildSettings = {
				ALWAYS_SEARCH_USER_PATHS = NO;
				CLANG_ANALYZER_NONNULL = YES;
				CLANG_ANALYZER_NUMBER_OBJECT_CONVERSION = YES_AGGRESSIVE;
				CLANG_CXX_LANGUAGE_STANDARD = "gnu++20";
				CLANG_ENABLE_MODULES = YES;
				CLANG_ENABLE_OBJC_ARC = YES;
				CLANG_ENABLE_OBJC_WEAK = YES;
				CLANG_WARN_BLOCK_CAPTURE_AUTORELEASING = YES;
				CLANG_WARN_BOOL_CONVERSION = YES;
				CLANG_WARN_COMMA = YES;
				CLANG_WARN_CONSTANT_CONVERSION = YES;
				CLANG_WARN_DEPRECATED_OBJC_IMPLEMENTATIONS = YES;
				CLANG_WARN_DIRECT_OBJC_ISA_USAGE = YES_ERROR;
				CLANG_WARN_DOCUMENTATION_COMMENTS = YES;
				CLANG_WARN_EMPTY_BODY = YES;
				CLANG_WARN_ENUM_CONVERSION = YES;
				CLANG_WARN_INFINITE_RECURSION = YES;
				CLANG_WARN_INT_CONVERSION = YES;
				CLANG_WARN_NON_LITERAL_NULL_CONVERSION = YES;
				CLANG_WARN_OBJC_IMPLICIT_RETAIN_SELF = YES;
				CLANG_WARN_OBJC_LITERAL_CONVERSION = YES;
				CLANG_WARN_OBJC_ROOT_CLASS = YES_ERROR;
				CLANG_WARN_QUOTED_INCLUDE_IN_FRAMEWORK_HEADER = YES;
				CLANG_WARN_RANGE_LOOP_ANALYSIS = YES;
				CLANG_WARN_STRICT_PROTOTYPES = YES;
				CLANG_WARN_SUSPICIOUS_MOVE = YES;
				CLANG_WARN_UNGUARDED_AVAILABILITY = YES_AGGRESSIVE;
				CLANG_WARN_UNREACHABLE_CODE = YES;
				CLANG_WARN__DUPLICATE_METHOD_MATCH = YES;
				COPY_PHASE_STRIP = NO;
				DEBUG_INFORMATION_FORMAT = "dwarf-with-dsym";
				ENABLE_NS_ASSERTIONS = NO;
				ENABLE_STRICT_OBJC_MSGSEND = YES;
				GCC_C_LANGUAGE_STANDARD = gnu11;
				GCC_NO_COMMON_BLOCKS = YES;
				GCC_WARN_64_TO_32_BIT_CONVERSION = YES;
				GCC_WARN_ABOUT_RETURN_TYPE = YES_ERROR;
				GCC_WARN_UNDECLARED_SELECTOR = YES;
				GCC_WARN_UNINITIALIZED_AUTOS = YES_AGGRESSIVE;
				GCC_WARN_UNUSED_FUNCTION = YES;
				GCC_WARN_UNUSED_VARIABLE = YES;
				IPHONEOS_DEPLOYMENT_TARGET = 16.2;
				MTL_ENABLE_DEBUG_INFO = NO;
				MTL_FAST_MATH = YES;
				SDKROOT = iphoneos;
				SWIFT_COMPILATION_MODE = wholemodule;
				SWIFT_OPTIMIZATION_LEVEL = "-O";
				VALIDATE_PRODUCT = YES;
			};
			name = Release;
		};
		2739D9D829C85D5600184C1E /* Debug */ = {
			isa = XCBuildConfiguration;
			buildSettings = {
				ASSETCATALOG_COMPILER_APPICON_NAME = AppIcon;
				ASSETCATALOG_COMPILER_GLOBAL_ACCENT_COLOR_NAME = AccentColor;
				CODE_SIGN_STYLE = Automatic;
				CURRENT_PROJECT_VERSION = 1;
				DEVELOPMENT_ASSET_PATHS = "\"TradeByBataApp/Preview Content\"";
				DEVELOPMENT_TEAM = R7N2GQJZB3;
				ENABLE_PREVIEWS = YES;
				GENERATE_INFOPLIST_FILE = YES;
				INFOPLIST_FILE = TradeByBataApp/Info.plist;
				INFOPLIST_KEY_UIApplicationSceneManifest_Generation = YES;
				INFOPLIST_KEY_UIApplicationSupportsIndirectInputEvents = YES;
				INFOPLIST_KEY_UILaunchScreen_Generation = YES;
				INFOPLIST_KEY_UISupportedInterfaceOrientations_iPad = "UIInterfaceOrientationPortrait UIInterfaceOrientationPortraitUpsideDown UIInterfaceOrientationLandscapeLeft UIInterfaceOrientationLandscapeRight";
				INFOPLIST_KEY_UISupportedInterfaceOrientations_iPhone = "UIInterfaceOrientationPortrait UIInterfaceOrientationLandscapeLeft UIInterfaceOrientationLandscapeRight";
				LD_RUNPATH_SEARCH_PATHS = (
					"$(inherited)",
					"@executable_path/Frameworks",
				);
				MARKETING_VERSION = 1.0;
				PRODUCT_BUNDLE_IDENTIFIER = olgayourchooke.TradeByBataApp;
				PRODUCT_NAME = "$(TARGET_NAME)";
				SWIFT_EMIT_LOC_STRINGS = YES;
				SWIFT_VERSION = 5.0;
				TARGETED_DEVICE_FAMILY = "1,2";
			};
			name = Debug;
		};
		2739D9D929C85D5600184C1E /* Release */ = {
			isa = XCBuildConfiguration;
			buildSettings = {
				ASSETCATALOG_COMPILER_APPICON_NAME = AppIcon;
				ASSETCATALOG_COMPILER_GLOBAL_ACCENT_COLOR_NAME = AccentColor;
				CODE_SIGN_STYLE = Automatic;
				CURRENT_PROJECT_VERSION = 1;
				DEVELOPMENT_ASSET_PATHS = "\"TradeByBataApp/Preview Content\"";
				DEVELOPMENT_TEAM = R7N2GQJZB3;
				ENABLE_PREVIEWS = YES;
				GENERATE_INFOPLIST_FILE = YES;
				INFOPLIST_FILE = TradeByBataApp/Info.plist;
				INFOPLIST_KEY_UIApplicationSceneManifest_Generation = YES;
				INFOPLIST_KEY_UIApplicationSupportsIndirectInputEvents = YES;
				INFOPLIST_KEY_UILaunchScreen_Generation = YES;
				INFOPLIST_KEY_UISupportedInterfaceOrientations_iPad = "UIInterfaceOrientationPortrait UIInterfaceOrientationPortraitUpsideDown UIInterfaceOrientationLandscapeLeft UIInterfaceOrientationLandscapeRight";
				INFOPLIST_KEY_UISupportedInterfaceOrientations_iPhone = "UIInterfaceOrientationPortrait UIInterfaceOrientationLandscapeLeft UIInterfaceOrientationLandscapeRight";
				LD_RUNPATH_SEARCH_PATHS = (
					"$(inherited)",
					"@executable_path/Frameworks",
				);
				MARKETING_VERSION = 1.0;
				PRODUCT_BUNDLE_IDENTIFIER = olgayourchooke.TradeByBataApp;
				PRODUCT_NAME = "$(TARGET_NAME)";
				SWIFT_EMIT_LOC_STRINGS = YES;
				SWIFT_VERSION = 5.0;
				TARGETED_DEVICE_FAMILY = "1,2";
			};
			name = Release;
		};
/* End XCBuildConfiguration section */

/* Begin XCConfigurationList section */
		2739D9C429C85D5500184C1E /* Build configuration list for PBXProject "TradeByBataApp" */ = {
			isa = XCConfigurationList;
			buildConfigurations = (
				2739D9D529C85D5600184C1E /* Debug */,
				2739D9D629C85D5600184C1E /* Release */,
			);
			defaultConfigurationIsVisible = 0;
			defaultConfigurationName = Release;
		};
		2739D9D729C85D5600184C1E /* Build configuration list for PBXNativeTarget "TradeByBataApp" */ = {
			isa = XCConfigurationList;
			buildConfigurations = (
				2739D9D829C85D5600184C1E /* Debug */,
				2739D9D929C85D5600184C1E /* Release */,
			);
			defaultConfigurationIsVisible = 0;
			defaultConfigurationName = Release;
		};
/* End XCConfigurationList section */
	};
	rootObject = 2739D9C129C85D5500184C1E /* Project object */;
}
